github.com/brentp/intintmap v0.0.0-20251106190759-56907b1f8479 h1:UZbbt19ACBOFO+CiDQFjaEoPJkBhj7GNGtIq59WR6Os=
github.com/brentp/intintmap v0.0.0-20251106190759-56907b1f8479/go.mod h1:TOk10ahXejq9wkEaym3KPRNeuR/h5Jx+s8QRWIa2oTM=
github.com/coder/websocket v1.8.14 h1:9L0p0iKiNOibykf283eHkKUHHrpG7f65OE3BhhO7v9g=
github.com/coder/websocket v1.8.14/go.mod h1:NX3SzP+inril6yawo5CQXx8+fk145lPDC6pumgx0mVg=
github.com/coreos/go-oidc/v3 v3.17.0 h1:hWBGaQfbi0iVviX4ibC7bk8OKT5qNr4klBaCHVNvehc=
github.com/coreos/go-oidc/v3 v3.17.0/go.mod h1:wqPbKFrVnE90vty060SB40FCJ8fTHTxSwyXJqZH+sI8=
github.com/davecgh/go-spew v1.1.1 h1:vj9j/u1bqnvCEfJOwUhtlOARqs3+rkHYY13jYWTU97c=
github.com/davecgh/go-spew v1.1.1/go.mod h1:J7Y8YcW2NihsgmVo/mv3lAwl/skON4iLHjSsI+c5H38=
github.com/df-mc/dragonfly v0.10.14 h1:hafqMqAqE4tvmdUIc6tDNIEdcFfGeSrc6llmb69MSDk=
github.com/df-mc/dragonfly v0.10.14/go.mod h1:OFJjCz3xfDalVZEtV4lJdbenwKDEAczKHikHN7kVwMc=
github.com/df-mc/go-nethernet v1.0.20-0.20260818142457-6fc1eb6f907c h1:xQD4Be1l6BRhnP5z9bME30rAIlUL5fRz0R6GJ6iKk8E=
github.com/df-mc/go-nethernet v1.0.20-0.20260818142457-6fc1eb6f907c/go.mod h1:11MfQo5F7PDKfHg1H0zM5mMkrCv29jRE0lK5B4egW9w=
github.com/df-mc/go-playfab/v2 v2.0.2 h1:JqOsrpe0nt6Ni4V2JrdmOAhbBgTm7LBw1ppGXlmknhs=
github.com/df-mc/go-playfab/v2 v2.0.2/go.mod h1:CS3FV3tJlohvGQiX0IJiaYKOVNfy0p778B84oEVyxlw=
github.com/df-mc/go-xsapi/v2 v2.0.3 h1:fQLw4k15OinFhagWjbSj0BwQXeDUmY8a1J8yquEod3w=
github.com/df-mc/go-xsapi/v2 v2.0.3/go.mod h1:Gi/zQG2DFMJOMt4DIjuBuINTnU4YnZINe+RyFyza8oo=
github.com/df-mc/goleveldb v1.1.9 h1:ihdosZyy5jkQKrxucTQmN90jq/2lUwQnJZjIYIC/9YU=
github.com/df-mc/goleveldb v1.1.9/go.mod h1:+NHCup03Sci5q84APIA21z3iPZCuk6m6ABtg4nANCSk=
github.com/df-mc/jsonc v1.0.5 h1:O7oh07kbS5AYY+l2Fji6l4h0iHcdjKbxCtK5VlZlLMU=
github.com/df-mc/jsonc v1.0.5/go.mod h1:+Q++JuCE9IKiP8v7sWImdf/RjQX0nfXyfX6PdfTTmc4=
github.com/df-mc/worldupgrader v1.0.21 h1:Qr4/QB8ek7En0vkTuRXYq4FrZM0HHSOXsJOL7Ko4Cjg=
github.com/df-mc/worldupgrader v1.0.21/go.mod h1:tsSOLTRm9mpG7VHvYpAjjZrkRHWmSbKZAm9bOLNnlDk=
github.com/fsnotify/fsnotify v1.4.7/go.mod h1:jwhsz4b93w/PPRr/qN1Yymfu8t87LnFCMoQvtojpjFo=
github.com/fsnotify/fsnotify v1.6.0 h1:n+5WquG0fcWoWp6xPWfHdbskMCQaFnG6PfBrh1Ky4HY=
github.com/fsnotify/fsnotify v1.6.0/go.mod h1:sl3t1tCWJFWoRz9R8WJCbQihKKwmorjAbSClcnxKAGw=
github.com/go-gl/mathgl v1.2.0 h1:v2eOj/y1B2afDxF6URV1qCYmo1KW08lAMtTbOn3KXCY=
github.com/go-gl/mathgl v1.2.0/go.mod h1:pf9+b5J3LFP7iZ4XXaVzZrCle0Q/vNpB/vDe5+3ulRE=
github.com/go-jose/go-jose/v4 v4.1.4 h1:moDMcTHmvE6Groj34emNPLs/qtYXRVcd6S7NHbHz3kA=
github.com/go-jose/go-jose/v4 v4.1.4/go.mod h1:x4oUasVrzR7071A4TnHLGSPpNOm2a21K9Kf04k1rs08=
github.com/golang/protobuf v1.2.0/go.mod h1:6lQm79b+lXiMfvg/cZm0SGofjICqVBUtrP5yJMmIC1U=
github.com/golang/snappy v0.0.1/go.mod h1:/XxbfmMg8lxefKM7IXC3fBNl/7bRcc72aCRzEWrmP2Q=
github.com/golang/snappy v0.0.4 h1:yAGX7huGHXlcLOEtBnF4w7FQwA26wojNCwOYAEhLjQM=
github.com/golang/snappy v0.0.4/go.mod h1:/XxbfmMg8lxefKM7IXC3fBNl/7bRcc72aCRzEWrmP2Q=
github.com/google/uuid v1.6.0 h1:NIvaJDMOsjHA8n1jAhLSgzrAzy1Hgr+hNrb57e+94F0=
github.com/google/uuid v1.6.0/go.mod h1:TIyPZe4MgqvfeYDBFedMoGGpEw/LqOeaOT+nhxU+yHo=
github.com/hpcloud/tail v1.0.0/go.mod h1:ab1qPbhIpdTxEkNHXyeSf5vhxWSCs/tWer42PpOxQnU=
github.com/klauspost/compress v1.13.6/go.mod h1:/3/Vjq9QcHkK5uEr5lBEmyoZ1iFhe47etQ6QUkpK6sk=
github.com/klauspost/compress v1.18.4 h1:RPhnKRAQ4Fh8zU2FY/6ZFDwTVTxgJ/EMydqSTzE9a2c=
github.com/klauspost/compress v1.18.4/go.mod h1:R0h/fSBs8DE4ENlcrlib3PsXS61voFxhIs2DeRhCvJ4=
github.com/nxadm/tail v1.4.11 h1:8feyoE3OzPrcshW5/MJ4sGESc5cqmGkGCWlco4l0bqY=
github.com/nxadm/tail v1.4.11/go.mod h1:OTaG3NK980DZzxbRq6lEuzgU+mug70nY11sMd4JXXHc=
github.com/onsi/ginkgo v1.6.0/go.mod h1:lLunBs/Ym6LB5Z9jYTR76FiuTmxDTDusOGeTQH+WWjE=
github.com/onsi/ginkgo v1.7.0/go.mod h1:lLunBs/Ym6LB5Z9jYTR76FiuTmxDTDusOGeTQH+WWjE=
github.com/onsi/ginkgo v1.16.5 h1:8xi0RTUf59SOSfEtZMvwTvXYMzG4gV23XVHOZiXNtnE=
github.com/onsi/ginkgo v1.16.5/go.mod h1:+E8gABHa3K6zRBolWtd+ROzc/U5bkGt0FwiG042wbpU=
github.com/onsi/gomega v1.4.3/go.mod h1:ex+gbHU/CVuBBDIJjb2X0qEXbFg53c61hWP/1CpauHY=
github.com/onsi/gomega v1.17.0 h1:9Luw4uT5HTjHTN8+aNcSThgH1vdXnmdJ8xIfZ4wyTRE=
github.com/onsi/gomega v1.17.0/go.mod h1:HnhC7FXeEQY45zxNK3PPoIUhzk/80Xly9PcubAlGdZY=
github.com/pion/datachannel v1.6.2 h1:7EXQ8TH3vTouBUdRWYbcX2edSx9Yj6k5zl5P+qyxEPc=
github.com/pion/datachannel v1.6.2/go.mod h1:pzbdAZvyGtXbcHM1hBbsFaOTf40lZizU/dNlvVOak6E=
github.com/pion/dtls/v3 v3.1.4 h1:QhvtMflMfu9Kf0RcDC5BJBle4caPskByrKQR6uuYqpY=
github.com/pion/dtls/v3 v3.1.4/go.mod h1:cr/qotLISUw/9C1m83ZPNZtj9WnXkYLpfCptPqbkInc=
github.com/pion/ice/v4 v4.2.7 h1:zDEbC6MiEdhQpF8TxBOTws+NU6ZgGpveHrQq4Lc1kao=
github.com/pion/ice/v4 v4.2.7/go.mod h1:9SNPaq0c7El/ki8leJzyCkK10zsskprR3zTNbO3monY=
github.com/pion/interceptor v0.1.45 h1:6PUo/5829bIfRFIPPJQzuDn8EjxRTSB/CSD7QVCOaqo=
github.com/pion/interceptor v0.1.45/go.mod h1:gNDYM/uFKcLe/B3gS2/7+aw6z+RDiMy2qKTnF1LO31w=
github.com/pion/logging v0.2.4 h1:tTew+7cmQ+Mc1pTBLKH2puKsOvhm32dROumOZ655zB8=
github.com/pion/logging v0.2.4/go.mod h1:DffhXTKYdNZU+KtJ5pyQDjvOAh/GsNSyv1lbkFbe3so=
github.com/pion/mdns/v2 v2.1.0 h1:3IJ9+Xio6tWYjhN6WwuY142P/1jA0D5ERaIqawg/fOY=
github.com/pion/mdns/v2 v2.1.0/go.mod h1:pcez23GdynwcfRU1977qKU0mDxSeucttSHbCSfFOd9A=
github.com/pion/randutil v0.1.0 h1:CFG1UdESneORglEsnimhUjf33Rwjubwj6xfiOXBa3mA=
github.com/pion/randutil v0.1.0/go.mod h1:XcJrSMMbbMRhASFVOlj/5hQial/Y8oH/HVo7TBZq+j8=
github.com/pion/rtcp v1.2.16 h1:fk1B1dNW4hsI78XUCljZJlC4kZOPk67mNRuQ0fcEkSo=
github.com/pion/rtcp v1.2.16/go.mod h1:/as7VKfYbs5NIb4h6muQ35kQF/J0ZVNz2Z3xKoCBYOo=
github.com/pion/rtp v1.10.2 h1:l+f6tTDcAH6xwepaAoW791ddhuYsJlqRATOzirO04Mo=
github.com/pion/rtp v1.10.2/go.mod h1:Au8fc6cEByy8RLTwKTQTEeQqDB/SJDxwL4mZuxYA5Pk=
github.com/pion/sctp v1.10.2 h1:6aezYsMrHAwpjJ6kUdyCiWPqZwgToT00ponT7seJ6a4=
github.com/pion/sctp v1.10.2/go.mod h1:7KFmTwLcoYgJs/Z+99nJvsWL0qDpuyloSI0RbAqlrz0=
github.com/pion/sdp/v3 v3.0.19 h1:1VMKs3gIkTQV5M3hNKfTAPrDXSNrYtOlmOD8+mSZUGQ=
github.com/pion/sdp/v3 v3.0.19/go.mod h1:dE5WOSlzXrtiE/iuZqe9n+AcEbOjtAd3k5m5NtlV/qU=
github.com/pion/srtp/v3 v3.0.12 h1:U7V17bckl7sI4mb3sepiojByDuBY0wNCqQE+6IlQBbc=
github.com/pion/srtp/v3 v3.0.12/go.mod h1:EeZOi/sd6glM1EXapg051gdNWO9yWT1YSsgQ4SlJkns=
github.com/pion/stun/v3 v3.1.6 h1:WnhsD0eHCiwCfKNkVx0VJJwr2Y3eV4Ueih3KJ+dfZy8=
github.com/pion/stun/v3 v3.1.6/go.mod h1:zRUghXSQU32Lx5orJsz3uYMkIihweXb3mu5gIns02fs=
github.com/pion/transport/v3 v3.1.1 h1:Tr684+fnnKlhPceU+ICdrw6KKkTms+5qHMgw6bIkYOM=
github.com/pion/transport/v3 v3.1.1/go.mod h1:+c2eewC5WJQHiAA46fkMMzoYZSuGzA/7E2FPrOYHctQ=
github.com/pion/transport/v4 v4.0.2 h1:ifYlPqNwsy6aKQ9y8yzxXlHae5431ZrH2avkD/Rn6Tk=
github.com/pion/transport/v4 v4.0.2/go.mod h1:06hFI+jCFcok2X2MekVufNZ/uzNZXivGBPfviSVcjgM=
github.com/pion/turn/v5 v5.0.10 h1:mOMZjudflXpte5OsCnXztpUKwNXcpXIAzMBnq9TXOSQ=
github.com/pion/turn/v5 v5.0.10/go.mod h1:u3XjBqy2Z4+NhCUpDoOSsNuQDrPLvKStlCGWk6sTQ1E=
github.com/pion/webrtc/v4 v4.2.16-0.20260627075746-7a223a6f4d4f h1:m39L6AcxVDq1Gwm9/c6QGCiksJ9xoYE4TQyebl9pMu4=
github.com/pion/webrtc/v4 v4.2.16-0.20260627075746-7a223a6f4d4f/go.mod h1:g/C+nTxS7qM2dBr1hRK56OTTD9zFzQDwZi3fMfZxFNM=
github.com/pmezard/go-difflib v1.0.0 h1:4DBwDE0NGyQoBHbLQYPwSUPoCMWR5BEzIk/f1lZbAQM=
github.com/pmezard/go-difflib v1.0.0/go.mod h1:iKH77koFhYxTK1pcRnkKkqfTogsbg7gZNVY4sRDYZ/4=
github.com/sandertv/go-raknet v1.15.2-0.20260705184311-0d1fd09e2cf6 h1:Oj7QsiwWTOLmCpOjjmW0Qwde4BE8F5+Kjz817qzICyk=
github.com/sandertv/go-raknet v1.15.2-0.20260705184311-0d1fd09e2cf6/go.mod h1:/yysjwfCXm2+2OY8mBazLzcxJ3irnylKCyG3FLgUPVU=
github.com/sandertv/gophertunnel v1.62.0 h1:n+CBO0ngnlURV3DMCe9uq9KtZbr8sK1/Z5mYhGO9Wq4=
github.com/sandertv/gophertunnel v1.62.0/go.mod h1:LZsch9elPoPzsJGDbx7ClWEHFjgHZ/lONvXF7m16Qn8=
github.com/segmentio/fasthash v1.0.3 h1:EI9+KE1EwvMLBWwjpRDc+fEM+prwxDYbslddQGtrmhM=
github.com/segmentio/fasthash v1.0.3/go.mod h1:waKX8l2N8yckOgmSsXJi7x1ZfdKZ4x7KRMzBtS3oedY=
github.com/stretchr/testify v1.11.1 h1:7s2iGBzp5EwR7/aIZr8ao5+dra3wiQyKjjFuvgVKu7U=
github.com/stretchr/testify v1.11.1/go.mod h1:wZwfW3scLgRK+23gO65QZefKpKQRnfz6sD981Nm4B6U=
github.com/tachyne/tachyne-common v0.1.1-0.20260922174322-4f90e9cb0a9c h1:jpQanEYlBJN4TNfX9S3oSg/91YUViTA789E18+G528c=
github.com/tachyne/tachyne-common v0.1.1-0.20260922174322-4f90e9cb0a9c/go.mod h1:0fDSCW2H9ZkF560RmWM3DFEPmW0PCdlvWdmxVVaINXU=
github.com/tachyne/tachyne-common v0.1.1-0.20260923071433-50376308b13a h1:C34pnZP2jkTrbcnu/My2oAiPlqKQd5ei6osjTQ+agGQ=
github.com/tachyne/tachyne-common v0.1.1-0.20260923071433-50376308b13a/go.mod h1:0fDSCW2H9ZkF560RmWM3DFEPmW0PCdlvWdmxVVaINXU=
github.com/tachyne/tachyne-common v0.1.1-0.20260923083158-e39f76eeb48e h1:XDoqwQsyADFq06Gnvg4xnBiQ3Jo+vxCpFJ/Xki0cWbE=
github.com/tachyne/tachyne-common v0.1.1-0.20260923083158-e39f76eeb48e/go.mod h1:0fDSCW2H9ZkF560RmWM3DFEPmW0PCdlvWdmxVVaINXU=
github.com/tachyne/tachyne-common v0.1.1-0.20260923113417-97c95bb5e83b h1:2bkwXAHt0DMpn9Llr06PspPQ+kuLYWtxcUdgySTleOw=
github.com/tachyne/tachyne-common v0.1.1-0.20260923113417-97c95bb5e83b/go.mod h1:0fDSCW2H9ZkF560RmWM3DFEPmW0PCdlvWdmxVVaINXU=
github.com/tachyne/tachyne-common v0.1.1-0.20260923114818-f01c9804dc89 h1:Ro6eRjTMkZi7+S0A4JjIEF3YUVNmw1c4lYrFSOdjwE0=
github.com/tachyne/tachyne-common v0.1.1-0.20260923114818-f01c9804dc89/go.mod h1:0fDSCW2H9ZkF560RmWM3DFEPmW0PCdlvWdmxVVaINXU=
github.com/tachyne/tachyne-common v0.1.1-0.20260923210312-6704127fcf7b h1:tZC26QcoaIHYMZJ0Q80iB8S6/pZPSchAj3/yTkNu5RQ=
github.com/tachyne/tachyne-common v0.1.1-0.20260923210312-6704127fcf7b/go.mod h1:0fDSCW2H9ZkF560RmWM3DFEPmW0PCdlvWdmxVVaINXU=
github.com/tachyne/tachyne-common v0.1.1-0.20260924053736-b508608e2601 h1:T45aAdYhAyomT606C5LitCJPT3R09a6sikxq4TOzmoM=
github.com/tachyne/tachyne-common v0.1.1-0.20260924053736-b508608e2601/go.mod h1:0fDSCW2H9ZkF560RmWM3DFEPmW0PCdlvWdmxVVaINXU=
github.com/tachyne/tachyne-common v0.1.1-0.20260924063354-ab35ec003234 h1:002PchCtrPIQ+mouHD+XKMCg/mD9XYH32M45jJbswZQ=
github.com/tachyne/tachyne-common v0.1.1-0.20260924063354-ab35ec003234/go.mod h1:0fDSCW2H9ZkF560RmWM3DFEPmW0PCdlvWdmxVVaINXU=
github.com/tachyne/tachyne-common v0.1.1-0.20260924065536-96f8507e9c87 h1:yobVLrGdq3APnOTYn8Do+YQvfb3RRKMoKbVCdIU8pv4=
github.com/tachyne/tachyne-common v0.1.1-0.20260924065536-96f8507e9c87/go.mod h1:0fDSCW2H9ZkF560RmWM3DFEPmW0PCdlvWdmxVVaINXU=
github.com/tachyne/tachyne-common v0.1.1-0.20260924093222-a706ff1688b3 h1:apf0kPsLHJCw7Mk4LU7Rusoj8aADISh+T3/g7xi8ltA=
github.com/tachyne/tachyne-common v0.1.1-0.20260924093222-a706ff1688b3/go.mod h1:0fDSCW2H9ZkF560RmWM3DFEPmW0PCdlvWdmxVVaINXU=
github.com/tachyne/tachyne-common v0.1.1-0.20260924101234-3df24d08343f h1:G0LsS80U3gdRGS/R0+dMTausoPGo6PX5sEZvhAZ7bNM=
github.com/tachyne/tachyne-common v0.1.1-0.20260924101234-3df24d08343f/go.mod h1:0fDSCW2H9ZkF560RmWM3DFEPmW0PCdlvWdmxVVaINXU=
github.com/tachyne/tachyne-common v0.1.1-0.20260924103517-1d66b3512d27 h1:FKDS1ZGmBt4m3iBzht/HGA4nrhfUMV4pVMYm5gRqUvM=
github.com/tachyne/tachyne-common v0.1.1-0.20260924103517-1d66b3512d27/go.mod h1:0fDSCW2H9ZkF560RmWM3DFEPmW0PCdlvWdmxVVaINXU=
github.com/tachyne/tachyne-common v0.1.1-0.20260925090953-56810c62ba24 h1:8LB7/HebAkwKlXTGV3beM0ELjgp1E2psImtM88NHpKw=
github.com/tachyne/tachyne-common v0.1.1-0.20260925090953-56810c62ba24/go.mod h1:0fDSCW2H9ZkF560RmWM3DFEPmW0PCdlvWdmxVVaINXU=
github.com/tachyne/tachyne-common v0.1.1-0.20260925093244-ab27d0a38b11 h1:sAbgjKLefpuujmlPMFjtCKNiYBfRynoZHBtKy+RBIEg=
github.com/tachyne/tachyne-common v0.1.1-0.20260925093244-ab27d0a38b11/go.mod h1:0fDSCW2H9ZkF560RmWM3DFEPmW0PCdlvWdmxVVaINXU=
github.com/tachyne/tachyne-common v0.1.1-0.20260925095527-308a666f4620 h1:fvmidiGX6mdzdr0yPpqPtXS8HZGCs75V1IMRoNdT+EY=
github.com/tachyne/tachyne-common v0.1.1-0.20260925095527-308a666f4620/go.mod h1:0fDSCW2H9ZkF560RmWM3DFEPmW0PCdlvWdmxVVaINXU=
github.com/tachyne/tachyne-common v0.1.1-0.20260925111134-fa67f4aaaf45 h1:QW/J0sC/X0UNyoNX/NFr2eIcwqhDiVvLzaLeRh5P7ps=
github.com/tachyne/tachyne-common v0.1.1-0.20260925111134-fa67f4aaaf45/go.mod h1:0fDSCW2H9ZkF560RmWM3DFEPmW0PCdlvWdmxVVaINXU=
github.com/tachyne/tachyne-common v0.1.1-0.20260925113445-a526f9a5aa71 h1:tQBXGrajknS1kvq7lIbC7tciOVSEdPp+dbq6YS3e/Zs=
github.com/tachyne/tachyne-common v0.1.1-0.20260925113445-a526f9a5aa71/go.mod h1:0fDSCW2H9ZkF560RmWM3DFEPmW0PCdlvWdmxVVaINXU=
github.com/tachyne/tachyne-common v0.1.1-0.20260925115551-1361e0659228 h1:mOX7J5I/st+3Nwu0Q8Pcye/AY1atarURQSZw99xZ57s=
github.com/tachyne/tachyne-common v0.1.1-0.20260925115551-1361e0659228/go.mod h1:0fDSCW2H9ZkF560RmWM3DFEPmW0PCdlvWdmxVVaINXU=
github.com/tachyne/tachyne-common v0.1.1-0.20260925132541-481a9d8e8661 h1:NXkAcITGJTRthHQb6Td1EQwxbfO357Md66WKxQAqHsI=
github.com/tachyne/tachyne-common v0.1.1-0.20260925132541-481a9d8e8661/go.mod h1:0fDSCW2H9ZkF560RmWM3DFEPmW0PCdlvWdmxVVaINXU=
github.com/tachyne/tachyne-common v0.1.1-0.20260925133335-4f2c01f27216 h1:5Oki1ICsuhGsbBqweSeU/hSnx3IQIRgSfIIPFGl8Tu8=
github.com/tachyne/tachyne-common v0.1.1-0.20260925133335-4f2c01f27216/go.mod h1:0fDSCW2H9ZkF560RmWM3DFEPmW0PCdlvWdmxVVaINXU=
github.com/tachyne/tachyne-common v0.1.1-0.20260925134329-b9f88b83b194 h1:10B/Q/UYJqwkFjx1+JCrQdtNoijh3C+IZdfTNAXDhrY=
github.com/tachyne/tachyne-common v0.1.1-0.20260925134329-b9f88b83b194/go.mod h1:0fDSCW2H9ZkF560RmWM3DFEPmW0PCdlvWdmxVVaINXU=
github.com/tachyne/tachyne-common v0.1.1-0.20260925134811-4cac5a7bfce2 h1:cRby0QDSg0r9UCKn7Ad9X4N70vYfXhpTU1Wwe+h1XRs=
github.com/tachyne/tachyne-common v0.1.1-0.20260925134811-4cac5a7bfce2/go.mod h1:0fDSCW2H9ZkF560RmWM3DFEPmW0PCdlvWdmxVVaINXU=
github.com/tachyne/tachyne-common v0.1.1-0.20260925135657-be5d751c166a h1:51ht1AgV/DF11Km2fgcJ+MbB0qK3VQwP0jWp7xsXjYY=
github.com/tachyne/tachyne-common v0.1.1-0.20260925135657-be5d751c166a/go.mod h1:0fDSCW2H9ZkF560RmWM3DFEPmW0PCdlvWdmxVVaINXU=
github.com/tachyne/tachyne-common v0.1.1-0.20260925135914-add967443863 h1:LggbsHEcNLttfL2DiTD5w4r6sqw/9p6UWOcY7W1NE9k=
github.com/tachyne/tachyne-common v0.1.1-0.20260925135914-add967443863/go.mod h1:0fDSCW2H9ZkF560RmWM3DFEPmW0PCdlvWdmxVVaINXU=
github.com/tachyne/tachyne-common v0.1.1-0.20260925140151-b17e5abe1552 h1:TolSv3X3CnicCf8MiJraExNbWb14A00rDLCQImJ1Yk8=
github.com/tachyne/tachyne-common v0.1.1-0.20260925140151-b17e5abe1552/go.mod h1:0fDSCW2H9ZkF560RmWM3DFEPmW0PCdlvWdmxVVaINXU=
github.com/tachyne/tachyne-common v0.1.1-0.20260925140423-ee5e117eace3 h1:xjL+KqEunIZcRMZe18OfNrEKRjFMNCIWRg0mG/+T7pE=
github.com/tachyne/tachyne-common v0.1.1-0.20260925140423-ee5e117eace3/go.mod h1:0fDSCW2H9ZkF560RmWM3DFEPmW0PCdlvWdmxVVaINXU=
github.com/tachyne/tachyne-common v0.1.1-0.20260925140748-2c76bf4a7d81 h1:euDEPRlQSMef4r4KtVnHpbTAjacImLLSqA9zmy6G/gg=
github.com/tachyne/tachyne-common v0.1.1-0.20260925140748-2c76bf4a7d81/go.mod h1:0fDSCW2H9ZkF560RmWM3DFEPmW0PCdlvWdmxVVaINXU=
github.com/tachyne/tachyne-common v0.1.1-0.20260925140924-8953e13dc521 h1:k2xsy/VSdtJqLcLuvKZeWWWd33EAxUk6j5EvwUDEDFU=
github.com/tachyne/tachyne-common v0.1.1-0.20260925140924-8953e13dc521/go.mod h1:0fDSCW2H9ZkF560RmWM3DFEPmW0PCdlvWdmxVVaINXU=
github.com/tachyne/tachyne-common v0.1.1-0.20260925141704-e56d14b17f89 h1:Gsq+Hqul2ldGzS1oqvBW92SrQ43nH6bZD/ZGhVe4Hlw=
github.com/tachyne/tachyne-common v0.1.1-0.20260925141704-e56d14b17f89/go.mod h1:0fDSCW2H9ZkF560RmWM3DFEPmW0PCdlvWdmxVVaINXU=
github.com/tachyne/tachyne-common v0.1.1-0.20260925142033-021c7aabd9c3 h1:AUiKzYKvFjHDnu/ZWNnt38v9RDvCjGa05wvnjWeMhFE=
github.com/tachyne/tachyne-common v0.1.1-0.20260925142033-021c7aabd9c3/go.mod h1:0fDSCW2H9ZkF560RmWM3DFEPmW0PCdlvWdmxVVaINXU=
github.com/tachyne/tachyne-common v0.1.1-0.20260925142452-5006f0f18722 h1:OSe6sZ1n1cRDkk1Hy3wyCTIfPLr1GvTrClWOto1MQgY=
github.com/tachyne/tachyne-common v0.1.1-0.20260925142452-5006f0f18722/go.mod h1:0fDSCW2H9ZkF560RmWM3DFEPmW0PCdlvWdmxVVaINXU=
github.com/tachyne/tachyne-common v0.1.1-0.20260925142829-dc540b749ee4 h1:gUrmZlB2BDN6FZIxUlq4aRLYGV/R09uZZjN0uUCL9pU=
github.com/tachyne/tachyne-common v0.1.1-0.20260925142829-dc540b749ee4/go.mod h1:0fDSCW2H9ZkF560RmWM3DFEPmW0PCdlvWdmxVVaINXU=
github.com/tachyne/tachyne-common v0.1.1-0.20260925143811-8bba565e58ce h1:JUOZw/jtYBPyg888E/d2b6xb1qKtTXm9vD5UyJsVngM=
github.com/tachyne/tachyne-common v0.1.1-0.20260925143811-8bba565e58ce/go.mod h1:0fDSCW2H9ZkF560RmWM3DFEPmW0PCdlvWdmxVVaINXU=
github.com/wlynxg/anet v0.0.5 h1:J3VJGi1gvo0JwZ/P1/Yc/8p63SoW98B5dHkYDmpgvvU=
github.com/wlynxg/anet v0.0.5/go.mod h1:eay5PRQr7fIVAMbTbchTnO9gG65Hg/uYGdc7mguHxoA=
golang.org/x/crypto v0.48.0 h1:/VRzVqiRSggnhY7gNRxPauEQ5Drw9haKdM0jqfcCFts=
golang.org/x/crypto v0.48.0/go.mod h1:r0kV5h3qnFPlQnBSrULhlsRfryS2pmewsg+XfMgkVos=
golang.org/x/exp v0.0.0-20250103183323-7d7fa50e5329 h1:9kj3STMvgqy3YA4VQXBrN7925ICMxD5wzMRcgA30588=
golang.org/x/exp v0.0.0-20250103183323-7d7fa50e5329/go.mod h1:qj5a5QZpwLU2NLQudwIN5koi3beDhSAlJwa67PuM98c=
golang.org/x/net v0.0.0-20180906233101-161cd47e91fd/go.mod h1:mL1N/T3taQHkDXs73rZJwtUhF3w3ftmwwsq0BUmARs4=
golang.org/x/net v0.50.0 h1:ucWh9eiCGyDR3vtzso0WMQinm2Dnt8cFMuQa9K33J60=
golang.org/x/net v0.50.0/go.mod h1:UgoSli3F/pBgdJBHCTc+tp3gmrU4XswgGRgtnwWTfyM=
golang.org/x/oauth2 v0.36.0 h1:peZ/1z27fi9hUOFCAZaHyrpWG5lwe0RJEEEeH0ThlIs=
golang.org/x/oauth2 v0.36.0/go.mod h1:YDBUJMTkDnJS+A4BP4eZBjCqtokkg1hODuPjwiGPO7Q=
golang.org/x/sync v0.0.0-20180314180146-1d60e4601c6f/go.mod h1:RxMgew5VJxzue5/jJTE5uejpjVlOe/izrB70Jof72aM=
golang.org/x/sys v0.0.0-20180909124046-d0be0721c37e/go.mod h1:STP8DvDyc/dI5b8T5hshtkjS+E42TnysNCUPdjciGhY=
golang.org/x/sys v0.0.0-20220908164124-27713097b956/go.mod h1:oPkhp1MJrh7nUepCBck5+mAzfO9JrbApNNgaTdGDITg=
golang.org/x/sys v0.41.0 h1:Ivj+2Cp/ylzLiEU89QhWblYnOE9zerudt9Ftecq2C6k=
golang.org/x/sys v0.41.0/go.mod h1:OgkHotnGiDImocRcuBABYBEXf8A9a87e/uXjp9XT3ks=
golang.org/x/term v0.40.0 h1:36e4zGLqU4yhjlmxEaagx2KuYbJq3EwY8K943ZsHcvg=
golang.org/x/term v0.40.0/go.mod h1:w2P8uVp06p2iyKKuvXIm7N/y0UCRt3UfJTfZ7oOpglM=
golang.org/x/text v0.3.0/go.mod h1:NqM8EUOU14njkJ3fqMW+pc6Ldnwhi/IjpwHt7yyuwOQ=
golang.org/x/text v0.34.0 h1:oL/Qq0Kdaqxa1KbNeMKwQq0reLCCaFtqu2eNuSeNHbk=
golang.org/x/text v0.34.0/go.mod h1:homfLqTYRFyVYemLBFl5GgL/DWEiH5wcsQ5gSh1yziA=
golang.org/x/time v0.14.0 h1:MRx4UaLrDotUKUdCIqzPC48t1Y9hANFKIRpNx+Te8PI=
golang.org/x/time v0.14.0/go.mod h1:eL/Oa2bBBK0TkX57Fyni+NgnyQQN4LitPmob2Hjnqw4=
gopkg.in/check.v1 v0.0.0-20161208181325-20d25e280405/go.mod h1:Co6ibVJAznAaIkqp8huTwlJQCZ016jof/cbN4VW5Yz0=
gopkg.in/fsnotify.v1 v1.4.7/go.mod h1:Tz8NjZHkW78fSQdbUxIjBTcgA1z1m8ZHf0WmKUhAMys=
gopkg.in/tomb.v1 v1.0.0-20141024135613-dd632973f1e7 h1:uRGJdciOHaEIrze2W8Q3AKkepLTh2hOroT7a+7czfdQ=
gopkg.in/tomb.v1 v1.0.0-20141024135613-dd632973f1e7/go.mod h1:dt/ZhP58zS4L8KSrWDmTeBkI65Dw0HsyUHuEVlX15mw=
gopkg.in/yaml.v2 v2.2.1/go.mod h1:hI93XBmqTisBFMUTm0b8Fm+jr3Dg1NNxqwp+5A1VGuI=
gopkg.in/yaml.v2 v2.3.0 h1:clyUAQHOM3G0M3f5vQj7LuJrETvjVot3Z5el9nffUtU=
gopkg.in/yaml.v2 v2.3.0/go.mod h1:hI93XBmqTisBFMUTm0b8Fm+jr3Dg1NNxqwp+5A1VGuI=
gopkg.in/yaml.v3 v3.0.1 h1:fxVm/GzAzEWqLHuvctI91KS9hhNmmWOoWu0XTYJS7CA=
gopkg.in/yaml.v3 v3.0.1/go.mod h1:K4uyk7z7BCEPqu6E+C64Yfv1cQ7kz7rIZviUmN+EgEM=
